
Microsoft Visual Studio Solution File, Format Version 12.00
# Visual Studio Version 17
VisualStudioVersion = 17.0.31903.59
MinimumVisualStudioVersion = 10.0.40219.1
Project("{FAE04EC0-301F-11D3-BF4B-00C04F79EFBC}") = "API", "API\API.csproj", "{0E65B85B-5A27-4D10-87DE-EC38276B4E8D}"
EndProject
Project("{FAE04EC0-301F-11D3-BF4B-00C04F79EFBC}") = "Application", "Application\Application.csproj", "{6F2DE5F6-0A7A-4563-8376-ED065B7CC683}"
EndProject
Project("{FAE04EC0-301F-11D3-BF4B-00C04F79EFBC}") = "Persistence", "Persistence\Persistence.csproj", "{73251B1F-5C14-4DDE-83AF-A164AEBE1C49}"
EndProject
Project("{FAE04EC0-301F-11D3-BF4B-00C04F79EFBC}") = "Domain", "Domain\Domain.csproj", "{3E575A8F-3CFB-445E-BE83-517F873ADFA5}"
EndProject
Global
	GlobalSection(SolutionConfigurationPlatforms) = preSolution
		Debug|Any CPU = Debug|Any CPU
		Debug|x64 = Debug|x64
		Debug|x86 = Debug|x86
		Release|Any CPU = Release|Any CPU
		Release|x64 = Release|x64
		Release|x86 = Release|x86
	EndGlobalSection
	GlobalSection(ProjectConfigurationPlatforms) = postSolution
		{0E65B85B-5A27-4D10-87DE-EC38276B4E8D}.Debug|Any CPU.ActiveCfg = Debug|Any CPU
		{0E65B85B-5A27-4D10-87DE-EC38276B4E8D}.Debug|Any CPU.Build.0 = Debug|Any CPU
		{0E65B85B-5A27-4D10-87DE-EC38276B4E8D}.Debug|x64.ActiveCfg = Debug|Any CPU
		{0E65B85B-5A27-4D10-87DE-EC38276B4E8D}.Debug|x64.Build.0 = Debug|Any CPU
		{0E65B85B-5A27-4D10-87DE-EC38276B4E8D}.Debug|x86.ActiveCfg = Debug|Any CPU
		{0E65B85B-5A27-4D10-87DE-EC38276B4E8D}.Debug|x86.Build.0 = Debug|Any CPU
		{0E65B85B-5A27-4D10-87DE-EC38276B4E8D}.Release|Any CPU.ActiveCfg = Release|Any CPU
		{0E65B85B-5A27-4D10-87DE-EC38276B4E8D}.Release|Any CPU.Build.0 = Release|Any CPU
		{0E65B85B-5A27-4D10-87DE-EC38276B4E8D}.Release|x64.ActiveCfg = Release|Any CPU
		{0E65B85B-5A27-4D10-87DE-EC38276B4E8D}.Release|x64.Build.0 = Release|Any CPU
		{0E65B85B-5A27-4D10-87DE-EC38276B4E8D}.Release|x86.ActiveCfg = Release|Any CPU
		{0E65B85B-5A27-4D10-87DE-EC38276B4E8D}.Release|x86.Build.0 = Release|Any CPU
		{6F2DE5F6-0A7A-4563-8376-ED065B7CC683}.Debug|Any CPU.ActiveCfg = Debug|Any CPU
		{6F2DE5F6-0A7A-4563-8376-ED065B7CC683}.Debug|Any CPU.Build.0 = Debug|Any CPU
		{6F2DE5F6-0A7A-4563-8376-ED065B7CC683}.Debug|x64.ActiveCfg = Debug|Any CPU
		{6F2DE5F6-0A7A-4563-8376-ED065B7CC683}.Debug|x64.Build.0 = Debug|Any CPU
		{6F2DE5F6-0A7A-4563-8376-ED065B7CC683}.Debug|x86.ActiveCfg = Debug|Any CPU
		{6F2DE5F6-0A7A-4563-8376-ED065B7CC683}.Debug|x86.Build.0 = Debug|Any CPU
		{6F2DE5F6-0A7A-4563-8376-ED065B7CC683}.Release|Any CPU.ActiveCfg = Release|Any CPU
		{6F2DE5F6-0A7A-4563-8376-ED065B7CC683}.Release|Any CPU.Build.0 = Release|Any CPU
		{6F2DE5F6-0A7A-4563-8376-ED065B7CC683}.Release|x64.ActiveCfg = Release|Any CPU
		{6F2DE5F6-0A7A-4563-8376-ED065B7CC683}.Release|x64.Build.0 = Release|Any CPU
		{6F2DE5F6-0A7A-4563-8376-ED065B7CC683}.Release|x86.ActiveCfg = Release|Any CPU
		{6F2DE5F6-0A7A-4563-8376-ED065B7CC683}.Release|x86.Build.0 = Release|Any CPU
		{73251B1F-5C14-4DDE-83AF-A164AEBE1C49}.Debug|Any CPU.ActiveCfg = Debug|Any CPU
		{73251B1F-5C14-4DDE-83AF-A164AEBE1C49}.Debug|Any CPU.Build.0 = Debug|Any CPU
		{73251B1F-5C14-4DDE-83AF-A164AEBE1C49}.Debug|x64.ActiveCfg = Debug|Any CPU
		{73251B1F-5C14-4DDE-83AF-A164AEBE1C49}.Debug|x64.Build.0 = Debug|Any CPU
		{73251B1F-5C14-4DDE-83AF-A164AEBE1C49}.Debug|x86.ActiveCfg = Debug|Any CPU
		{73251B1F-5C14-4DDE-83AF-A164AEBE1C49}.Debug|x86.Build.0 = Debug|Any CPU
		{73251B1F-5C14-4DDE-83AF-A164AEBE1C49}.Release|Any CPU.ActiveCfg = Release|Any CPU
		{73251B1F-5C14-4DDE-83AF-A164AEBE1C49}.Release|Any CPU.Build.0 = Release|Any CPU
		{73251B1F-5C14-4DDE-83AF-A164AEBE1C49}.Release|x64.ActiveCfg = Release|Any CPU
		{73251B1F-5C14-4DDE-83AF-A164AEBE1C49}.Release|x64.Build.0 = Release|Any CPU
		{73251B1F-5C14-4DDE-83AF-A164AEBE1C49}.Release|x86.ActiveCfg = Release|Any CPU
		{73251B1F-5C14-4DDE-83AF-A164AEBE1C49}.Release|x86.Build.0 = Release|Any CPU
		{3E575A8F-3CFB-445E-BE83-517F873ADFA5}.Debug|Any CPU.ActiveCfg = Debug|Any CPU
		{3E575A8F-3CFB-445E-BE83-517F873ADFA5}.Debug|Any CPU.Build.0 = Debug|Any CPU
		{3E575A8F-3CFB-445E-BE83-517F873ADFA5}.Debug|x64.ActiveCfg = Debug|Any CPU
		{3E575A8F-3CFB-445E-BE83-517F873ADFA5}.Debug|x64.Build.0 = Debug|Any CPU
		{3E575A8F-3CFB-445E-BE83-517F873ADFA5}.Debug|x86.ActiveCfg = Debug|Any CPU
		{3E575A8F-3CFB-445E-BE83-517F873ADFA5}.Debug|x86.Build.0 = Debug|Any CPU
		{3E575A8F-3CFB-445E-BE83-517F873ADFA5}.Release|Any CPU.ActiveCfg = Release|Any CPU
		{3E575A8F-3CFB-445E-BE83-517F873ADFA5}.Release|Any CPU.Build.0 = Release|Any CPU
		{3E575A8F-3CFB-445E-BE83-517F873ADFA5}.Release|x64.ActiveCfg = Release|Any CPU
		{3E575A8F-3CFB-445E-BE83-517F873ADFA5}.Release|x64.Build.0 = Release|Any CPU
		{3E575A8F-3CFB-445E-BE83-517F873ADFA5}.Release|x86.ActiveCfg = Release|Any CPU
		{3E575A8F-3CFB-445E-BE83-517F873ADFA5}.Release|x86.Build.0 = Release|Any CPU
	EndGlobalSection
	GlobalSection(SolutionProperties) = preSolution
		HideSolutionNode = FALSE
	EndGlobalSection
EndGlobal
